{
  "requires": true,
  "lockfileVersion": 1,
  "dependencies": {
    "redux-persist": {
      "version": "5.9.1",
      "resolved": "https://registry.npmjs.org/redux-persist/-/redux-persist-5.9.1.tgz",
      "integrity": "sha512-WIaLCd975R16W7nD1wqUPLcqeLztIRvsSSNZdblEjtihL1wz+NSOq9nYUSvsdoWJOtfm9RbDF4IVd0a3VOtZcw=="
    }
  }
}
